
Microsoft Visual Studio Solution File, Format Version 12.00
# Visual Studio Version 17
VisualStudioVersion = 17.6.33815.320
MinimumVisualStudioVersion = 10.0.40219.1
Project("{9A19103F-16F7-4668-BE54-9A1E7A4F7556}") = "ExemplosDateTime", "Exemplos\ExemplosDateTime.csproj", "{7A3AF583-6284-4D17-B874-F50AFD7B7A2F}"
EndProject
Project("{FAE04EC0-301F-11D3-BF4B-00C04F79EFBC}") = "ExercicioHeranca", "ExercicioHeranca\ExercicioHeranca.csproj", "{B04623E4-B064-4757-AE4C-65B09F8C263F}"
EndProject
Global
	GlobalSection(SolutionConfigurationPlatforms) = preSolution
		Debug|Any CPU = Debug|Any CPU
		Release|Any CPU = Release|Any CPU
	EndGlobalSection
	GlobalSection(ProjectConfigurationPlatforms) = postSolution
		{7A3AF583-6284-4D17-B874-F50AFD7B7A2F}.Debug|Any CPU.ActiveCfg = Debug|Any CPU
		{7A3AF583-6284-4D17-B874-F50AFD7B7A2F}.Debug|Any CPU.Build.0 = Debug|Any CPU
		{7A3AF583-6284-4D17-B874-F50AFD7B7A2F}.Release|Any CPU.ActiveCfg = Release|Any CPU
		{7A3AF583-6284-4D17-B874-F50AFD7B7A2F}.Release|Any CPU.Build.0 = Release|Any CPU
		{B04623E4-B064-4757-AE4C-65B09F8C263F}.Debug|Any CPU.ActiveCfg = Debug|Any CPU
		{B04623E4-B064-4757-AE4C-65B09F8C263F}.Debug|Any CPU.Build.0 = Debug|Any CPU
		{B04623E4-B064-4757-AE4C-65B09F8C263F}.Release|Any CPU.ActiveCfg = Release|Any CPU
		{B04623E4-B064-4757-AE4C-65B09F8C263F}.Release|Any CPU.Build.0 = Release|Any CPU
	EndGlobalSection
	GlobalSection(SolutionProperties) = preSolution
		HideSolutionNode = FALSE
	EndGlobalSection
	GlobalSection(ExtensibilityGlobals) = postSolution
		SolutionGuid = {C6179762-4D99-441E-852B-EE12754CAA1E}
	EndGlobalSection
EndGlobal
